[[package]]
category = "main"
description = "Python package for providing Mozilla's CA Bundle."
name = "certifi"
optional = false
python-versions = "*"
version = "2019.6.16"

[[package]]
category = "main"
description = "Universal encoding detector for Python 2 and 3"
name = "chardet"
optional = false
python-versions = "*"
version = "3.0.4"

[[package]]
category = "main"
description = "Clean single-source support for Python 3 and 2"
name = "future"
optional = false
python-versions = ">=2.6, !=3.0.*, !=3.1.*, !=3.2.*"
version = "0.17.1"

[[package]]
category = "main"
description = "Internationalized Domain Names in Applications (IDNA)"
name = "idna"
optional = false
python-versions = ">=2.7, !=3.0.*, !=3.1.*, !=3.2.*, !=3.3.*"
version = "2.8"

[[package]]
category = "main"
description = "A generic, spec-compliant, thorough implementation of the OAuth request-signing logic"
name = "oauthlib"
optional = false
python-versions = ">=2.7, !=3.0.*, !=3.1.*, !=3.2.*, !=3.3.*"
version = "3.1.0"

[[package]]
category = "main"
description = "A MutableSet that remembers its order, so that every entry has an index."
name = "ordered-set"
optional = false
python-versions = ">=2.7"
version = "3.1.1"

[[package]]
category = "main"
description = "Python Imaging Library (Fork)"
name = "pillow"
optional = false
python-versions = ">=2.7, !=3.0.*, !=3.1.*, !=3.2.*, !=3.3.*, !=3.4.*"
version = "6.1.0"

[[package]]
category = "main"
description = "A Python library for creating LaTeX files and snippets"
name = "pylatex"
optional = false
python-versions = "*"
version = "1.3.0"

[package.dependencies]
ordered-set = "*"

[[package]]
category = "main"
description = "Python bindings for the PDF rendering library MuPDF"
name = "pymupdf"
optional = false
python-versions = "*"
version = "1.13.20"

[[package]]
category = "main"
description = "A Python wrapper around the Twitter API"
name = "python-twitter"
optional = false
python-versions = "*"
version = "3.5"

[package.dependencies]
future = "*"
requests = "*"
requests-oauthlib = "*"

[[package]]
category = "main"
description = "YAML parser and emitter for Python"
name = "pyyaml"
optional = false
python-versions = ">=2.7, !=3.0.*, !=3.1.*, !=3.2.*, !=3.3.*"
version = "5.1.2"

[[package]]
category = "main"
description = "Python HTTP for Humans."
name = "requests"
optional = false
python-versions = ">=2.7, !=3.0.*, !=3.1.*, !=3.2.*, !=3.3.*, !=3.4.*"
version = "2.22.0"

[package.dependencies]
certifi = ">=2017.4.17"
chardet = ">=3.0.2,<3.1.0"
idna = ">=2.5,<2.9"
urllib3 = ">=1.21.1,<1.25.0 || >1.25.0,<1.25.1 || >1.25.1,<1.26"

[[package]]
category = "main"
description = "OAuthlib authentication support for Requests."
name = "requests-oauthlib"
optional = false
python-versions = ">=2.7, !=3.0.*, !=3.1.*, !=3.2.*, !=3.3.*"
version = "1.2.0"

[package.dependencies]
oauthlib = ">=3.0.0"
requests = ">=2.0.0"

[[package]]
category = "main"
description = "Python Port of John Gruber's titlecase.pl"
name = "titlecase"
optional = false
python-versions = "*"
version = "0.12.0"

[[package]]
category = "main"
description = "HTTP library with thread-safe connection pooling, file post, and more."
name = "urllib3"
optional = false
python-versions = "*"
version = "1.22"

[metadata]
content-hash = "aa4e29503cedc68bc3e7431dc775e24c2e770db336a5bf983d9893460695bcc5"
python-versions = ">=3.6"

[metadata.hashes]
certifi = ["046832c04d4e752f37383b628bc601a7ea7211496b4638f6514d0e5b9acc4939", "945e3ba63a0b9f577b1395204e13c3a231f9bc0223888be653286534e5873695"]
chardet = ["84ab92ed1c4d4f16916e05906b6b75a6c0fb5db821cc65e70cbd64a3e2a5eaae", "fc323ffcaeaed0e0a02bf4d117757b98aed530d9ed4531e3e15460124c106691"]
future = ["67045236dcfd6816dc439556d009594abf643e5eb48992e36beac09c2ca659b8"]
idna = ["c357b3f628cf53ae2c4c05627ecc484553142ca23264e593d327bcde5e9c3407", "ea8b7f6188e6fa117537c3df7da9fc686d485087abf6ac197f9c46432f7e4a3c"]
oauthlib = ["bee41cc35fcca6e988463cacc3bcb8a96224f470ca547e697b604cc697b2f889", "df884cd6cbe20e32633f1db1072e9356f53638e4361bef4e8b03c9127c9328ea"]
ordered-set = ["a7bfa858748c73b096e43db14eb23e2bc714a503f990c89fac8fab9b0ee79724"]
pillow = ["0804f77cb1e9b6dbd37601cee11283bba39a8d44b9ddb053400c58e0c0d7d9de", "0ab7c5b5d04691bcbd570658667dd1e21ca311c62dcfd315ad2255b1cd37f64f", "0b3e6cf3ea1f8cecd625f1420b931c83ce74f00c29a0ff1ce4385f99900ac7c4", "0c6ce6ae03a50b0306a683696234b8bc88c5b292d4181ae365b89bd90250ab08", "1454ee7297a81c8308ad61d74c849486efa1badc543453c4b90db0bf99decc1c", "23efd7f83f2ad6036e2b9ef27a46df7e333de1ad9087d341d87e12225d0142b2", "365c06a45712cd723ec16fa4ceb32ce46ad201eb7bbf6d3c16b063c72b61a3ed", "38301fbc0af865baa4752ddae1bb3cbb24b3d8f221bf2850aad96b243306fa03", "3aef1af1a91798536bbab35d70d35750bd2884f0832c88aeb2499aa2d1ed4992", "3c86051d41d1c8b28b9dde08ac93e73aa842991995b12771b0af28da49086bbf", "3fe0ab49537d9330c9bba7f16a5f8b02da615b5c809cdf7124f356a0f182eccd", "406c856e0f6fc330322a319457d9ff6162834050cda2cf1eaaaea4b771d01914", "45a619d5c1915957449264c81c008934452e3fd3604e36809212300b2a4dab68", "49f90f147883a0c3778fd29d3eb169d56416f25758d0f66775db9184debc8010", "504f5334bfd974490a86fef3e3b494cd3c332a8a680d2f258ca03388b40ae230", "51fe9cfcd32c849c6f36ca293648f279fc5097ca8dd6e518b10df3a6a9a13431", "571b5a758baf1cb6a04233fb23d6cf1ca60b31f9f641b1700bfaab1194020555", "5ac381e8b1259925287ccc5a87d9cf6322a2dc88ae28a97fe3e196385288413f", "6052a9e9af4a9a2cc01da4bbee81d42d33feca2bde247c4916d8274b12bb31a4", "6153db744a743c0c8c91b8e3b9d40e0b13a5d31dbf8a12748c6d9bfd3ddc01ad", "6fd63afd14a16f5d6b408f623cc2142917a1f92855f0df997e09a49f0341be8a", "70acbcaba2a638923c2d337e0edea210505708d7859b87c2bd81e8f9902ae826", "70b1594d56ed32d56ed21a7fbb2a5c6fd7446cdb7b21e749c9791eac3a64d9e4", "76638865c83b1bb33bcac2a61ce4d13c17dba2204969dedb9ab60ef62bede686", "7b2ec162c87fc496aa568258ac88631a2ce0acfe681a9af40842fc55deaedc99", "7b403ea842b70c4fa0a4969a5d8d86e932c941095b7cda077ea68f7b98ead30b", "7be698a28175eae5354da94f5f3dc787d5efae6aca7ad1f286a781afde6a27dd", "7cee2cef07c8d76894ebefc54e4bb707dfc7f258ad155bd61d87f6cd487a70ff", "7d16d4498f8b374fc625c4037742fbdd7f9ac383fd50b06f4df00c81ef60e829", "82840783842b27933cc6388800cb547f31caf436f7e23384d456bdf5fc8dfe49", "8755e600b33f4e8c76a590b42acc35d24f4dc801a5868519ce569b9462d77598", "9159285ab4030c6f85e001468cb5886de05e6bd9304e9e7d46b983f7d2fad0cc", "b50bc1780681b127e28f0075dfb81d6135c3a293e0c1d0211133c75e2179b6c0", "b5aa19f1da16b4f5e47b6930053f08cba77ceccaed68748061b0ec24860e510c", "bd0582f831ad5bcad6ca001deba4568573a4675437db17c4031939156ff339fa", "cdd53acd3afb9878a2289a1b55807871f9877c81174ae0d3763e52f907131d25", "cfd40d8a4b59f7567620410f966bb1f32dc555b2b19f82a91b147fac296f645c", "e150c5aed6e67321edc6893faa6701581ca2d393472f39142a00e551bcd249a5", "e3ae410089de680e8f84c68b755b42bc42c0ceb8c03dbea88a5099747091d38e", "e403b37c6a253ebca5d0f2e5624643997aaae529dc96299162418ef54e29eb70", "e9046e559c299b395b39ac7dbf16005308821c2f24a63cae2ab173bd6aa11616", "ef6be704ae2bc8ad0ebc5cb850ee9139493b0fc4e81abcc240fb392a63ebc808", "f8dc19d92896558f9c4317ee365729ead9d7bbcf2052a9a19a3ef17abbb8ac5b"]
pylatex = ["8f70af17aa53bc3ec30508dde85e0182037822eb2000b36b71677a9adf2b0bc3"]
pymupdf = ["15848d998133982256a9ebe1bd8e5c4d114d9455c16829e5c7489dcab04d577f", "17a50d7f62fe7d51ced7533cf86bf014ed4f03b372954047f2f09e572edcc654", "2cff12fb4fa5e3726be5d5ce4f4f62aafe9bcce5fb4c8ca9d638057a8ac0e7d0", "312846780cb1caf3f6954dbda8927fb3c28a1d1b1cb1df994e670759ef27d329", "46b385de6c0d270160a45c5bd3503ef8449e1e932bb95e6d16b63545f5b8e8d8", "482898a5f3c1c86e5a731e67543034a572e82e648c5d0ef091b839cbfa47a3e0", "5248c8b07c0c717b4a675176596f6e0f91daa6fff862547b8bdeeef2d37173f0", "636edc8d9d9489f005d96ea7624fb6a92597aee8eb79a56b22220a36239259c2", "639fc80157a0c7253bdba1bea1f6c67454a5d30dc107f602e87e17219f0560b9", "67189fffe2ce08f2997cbf25973c8fc91bc1bf0b4edd4633ea1733ea179eccfe", "738061a62ffbdd0f1f63c81edfb08a4398b9295f0c0bcfe539d2c87cf840574e", "8b81f3ab43186c6cb1fea866e6e64b95ee1c9841e95dfe4e4a36fbd9d740b815", "97fe9c3f31d4c48fe959eb37f37558be096d9d0dce61010056a8ae484b8dba5d", "a044c05ae34d9be2f0d6cc60f3f029cd2db798c958d102f7cd6a5011f6003ac9", "c62d7e066840b1453ce238f5e1f43dc1cbfcedd16b7175f8d3a4a8e1983973ec", "d0d3daaa7da63721d1245b3a105486c5a7b84e2fedf429b4ebafa0184a116a89", "d7e02a0384a771a649e5d8b28e7c0d92f603aee8cdef89b4b8d47d4063cfe3ee", "d85babc8cee86c858cfc33c8a1670adf25627e47915751d6d75a86b4907662cc", "ea1ce79879ace1140b0b2528ff270c9bad0969171942c44907a0cc321c178f15", "ec0e12e5aa06a3bbd3106c7bd5c14b93022c10c68f8dea8f1ad2f7399a0078a1", "f89746c154b68f45affea692b6e8973ce725ff42852df1c4bb622cc955c40a7e", "fad952a59c9676fbd9c8028ced4f0733087b5953d2545a1c3b5e04925e7d3dcb"]
python-twitter = ["45855742f1095aa0c8c57b2983eee3b6b7f527462b50a2fa8437a8b398544d90", "4a420a6cb6ee9d0c8da457c8a8573f709c2ff2e1a7542e2d38807ebbfe8ebd1d"]
pyyaml = ["0113bc0ec2ad727182326b61326afa3d1d8280ae1122493553fd6f4397f33df9", "01adf0b6c6f61bd11af6e10ca52b7d4057dd0be0343eb9283c878cf3af56aee4", "5124373960b0b3f4aa7df1707e63e9f109b5263eca5976c66e08b1c552d4eaf8", "5ca4f10adbddae56d824b2c09668e91219bb178a1eee1faa56af6f99f11bf696", "7907be34ffa3c5a32b60b95f4d95ea25361c951383a894fec31be7252b2b6f34", "7ec9b2a4ed5cad025c2278a1e6a19c011c80a3caaac804fd2d329e9cc2c287c9", "87ae4c829bb25b9fe99cf71fbb2140c448f534e24c998cc60f39ae4f94396a73", "9de9919becc9cc2ff03637872a440195ac4241c80536632fffeb6a1e25a74299", "a5a85b10e450c66b49f98846937e8cfca1db3127a9d5d1e31ca45c3d0bef4c5b", "b0997827b4f6a7c286c01c5f60384d218dca4ed7d9efa945c3e1aa623d5709ae", "b631ef96d3222e62861443cc89d6563ba3eeb816eeb96b2629345ab795e53681", "bf47c0607522fdbca6c9e817a6e81b08491de50f3766a7a0e6a5be7905961b41", "f81025eddd0327c7d4cfe9b62cf33190e1e736cc6e97502b3ec425f574b3e7a8"]
requests = ["11e007a8a2aa0323f5a921e9e6a2d7e4e67d9877e85773fba9ba6419025cbeb4", "9cf5292fcd0f598c671cfc1e0d7d1a7f13bb8085e9a590f48c010551dc6c4b31"]
requests-oauthlib = ["bd6533330e8748e94bf0b214775fed487d309b8b8fe823dc45641ebcd9a32f57", "d3ed0c8f2e3bbc6b344fa63d6f933745ab394469da38db16bdddb461c7e25140", "dd5a0499abfefd087c6dd96693cbd5bfd28aa009719a7f85ab3fabe3956ef19a"]
titlecase = ["84de7a97fb702c400e5ba11c6b30849944b39db12e20fbf4515a23c7538a0611", "95d643a0c08097c02933aced707adfe1c275c335019e8e514dea782a465c5b84"]
urllib3 = ["06330f386d6e4b195fbfc736b297f58c5a892e4440e54d294d7004e3a9bbea1b", "cc44da8e1145637334317feebd728bd869a35285b93cbb4cca2577da7e62db4f"]
